// !$*UTF8*$!
{
	archiveVersion = 1;
	classes = {
	};
	objectVersion = 50;
	objects = {

/* Begin PBXBuildFile section */
		63FC3BBA25EAAD9900457AE0 /* AppDelegate.swift in Sources */ = {isa = PBXBuildFile; fileRef = 63FC3BB925EAAD9900457AE0 /* AppDelegate.swift */; };
		63FC3BBC25EAAD9900457AE0 /* SceneDelegate.swift in Sources */ = {isa = PBXBuildFile; fileRef = 63FC3BBB25EAAD9900457AE0 /* SceneDelegate.swift */; };
		63FC3BBE25EAAD9900457AE0 /* ViewController.swift in Sources */ = {isa = PBXBuildFile; fileRef = 63FC3BBD25EAAD9900457AE0 /* ViewController.swift */; };
		63FC3BC125EAAD9900457AE0 /* Main.storyboard in Resources */ = {isa = PBXBuildFile; fileRef = 63FC3BBF25EAAD9900457AE0 /* Main.storyboard */; };
		63FC3BC325EAAD9C00457AE0 /* Assets.xcassets in Resources */ = {isa = PBXBuildFile; fileRef = 63FC3BC225EAAD9C00457AE0 /* Assets.xcassets */; };
		63FC3BC625EAAD9C00457AE0 /* LaunchScreen.storyboard in Resources */ = {isa = PBXBuildFile; fileRef = 63FC3BC425EAAD9C00457AE0 /* LaunchScreen.storyboard */; };
		63FC3BD125EAAD9C00457AE0 /* lancerhacksTests.swift in Sources */ = {isa = PBXBuildFile; fileRef = 63FC3BD025EAAD9C00457AE0 /* lancerhacksTests.swift */; };
		63FC3BDC25EAAD9C00457AE0 /* lancerhacksUITests.swift in Sources */ = {isa = PBXBuildFile; fileRef = 63FC3BDB25EAAD9C00457AE0 /* lancerhacksUITests.swift */; };
/* End PBXBuildFile section */

/* Begin PBXContainerItemProxy section */
		63FC3BCD25EAAD9C00457AE0 /* PBXContainerItemProxy */ = {
			isa = PBXContainerItemProxy;
			containerPortal = 63FC3BAE25EAAD9900457AE0 /* Project object */;
			proxyType = 1;
			remoteGlobalIDString = 63FC3BB525EAAD9900457AE0;
			remoteInfo = lancerhacks;
		};
		63FC3BD825EAAD9C00457AE0 /* PBXContainerItemProxy */ = {
			isa = PBXContainerItemProxy;
			containerPortal = 63FC3BAE25EAAD9900457AE0 /* Project object */;
			proxyType = 1;
			remoteGlobalIDString = 63FC3BB525EAAD9900457AE0;
			remoteInfo = lancerhacks;
		};
/* End PBXContainerItemProxy section */

/* Begin PBXFileReference section */
		63FC3BB625EAAD9900457AE0 /* lancerhacks.app */ = {isa = PBXFileReference; explicitFileType = wrapper.application; includeInIndex = 0; path = lancerhacks.app; sourceTree = BUILT_PRODUCTS_DIR; };
		63FC3BB925EAAD9900457AE0 /* AppDelegate.swift */ = {isa = PBXFileReference; lastKnownFileType = sourcecode.swift; path = AppDelegate.swift; sourceTree = "<group>"; };
		63FC3BBB25EAAD9900457AE0 /* SceneDelegate.swift */ = {isa = PBXFileReference; lastKnownFileType = sourcecode.swift; path = SceneDelegate.swift; sourceTree = "<group>"; };
		63FC3BBD25EAAD9900457AE0 /* ViewController.swift */ = {isa = PBXFileReference; lastKnownFileType = sourcecode.swift; path = ViewController.swift; sourceTree = "<group>"; };
		63FC3BC025EAAD9900457AE0 /* Base */ = {isa = PBXFileReference; lastKnownFileType = file.storyboard; name = Base; path = Base.lproj/Main.storyboard; sourceTree = "<group>"; };
		63FC3BC225EAAD9C00457AE0 /* Assets.xcassets */ = {isa = PBXFileReference; lastKnownFileType = folder.assetcatalog; path = Assets.xcassets; sourceTree = "<group>"; };
		63FC3BC525EAAD9C00457AE0 /* Base */ = {isa = PBXFileReference; lastKnownFileType = file.storyboard; name = Base; path = Base.lproj/LaunchScreen.storyboard; sourceTree = "<group>"; };
		63FC3BC725EAAD9C00457AE0 /* Info.plist */ = {isa = PBXFileReference; lastKnownFileType = text.plist.xml; path = Info.plist; sourceTree = "<group>"; };
		63FC3BCC25EAAD9C00457AE0 /* lancerhacksTests.xctest */ = {isa = PBXFileReference; explicitFileType = wrapper.cfbundle; includeInIndex = 0; path = lancerhacksTests.xctest; sourceTree = BUILT_PRODUCTS_DIR; };
		63FC3BD025EAAD9C00457AE0 /* lancerhacksTests.swift */ = {isa = PBXFileReference; lastKnownFileType = sourcecode.swift; path = lancerhacksTests.swift; sourceTree = "<group>"; };
		63FC3BD225EAAD9C00457AE0 /* Info.plist */ = {isa = PBXFileReference; lastKnownFileType = text.plist.xml; path = Info.plist; sourceTree = "<group>"; };
		63FC3BD725EAAD9C00457AE0 /* lancerhacksUITests.xctest */ = {isa = PBXFileReference; explicitFileType = wrapper.cfbundle; includeInIndex = 0; path = lancerhacksUITests.xctest; sourceTree = BUILT_PRODUCTS_DIR; };
		63FC3BDB25EAAD9C00457AE0 /* lancerhacksUITests.swift */ = {isa = PBXFileReference; lastKnownFileType = sourcecode.swift; path = lancerhacksUITests.swift; sourceTree = "<group>"; };
		63FC3BDD25EAAD9C00457AE0 /* Info.plist */ = {isa = PBXFileReference; lastKnownFileType = text.plist.xml; path = Info.plist; sourceTree = "<group>"; };
/* End PBXFileReference section */

/* Begin PBXFrameworksBuildPhase section */
		63FC3BB325EAAD9900457AE0 /* Frameworks */ = {
			isa = PBXFrameworksBuildPhase;
			buildActionMask = 2147483647;
			files = (
			);
			runOnlyForDeploymentPostprocessing = 0;
		};
		63FC3BC925EAAD9C00457AE0 /* Frameworks */ = {
			isa = PBXFrameworksBuildPhase;
			buildActionMask = 2147483647;
			files = (
			);
			runOnlyForDeploymentPostprocessing = 0;
		};
		63FC3BD425EAAD9C00457AE0 /* Frameworks */ = {
			isa = PBXFrameworksBuildPhase;
			buildActionMask = 2147483647;
			files = (
			);
			runOnlyForDeploymentPostprocessing = 0;
		};
/* End PBXFrameworksBuildPhase section */

/* Begin PBXGroup section */
		63FC3BAD25EAAD9900457AE0 = {
			isa = PBXGroup;
			children = (
				63FC3BB825EAAD9900457AE0 /* lancerhacks */,
				63FC3BCF25EAAD9C00457AE0 /* lancerhacksTests */,
				63FC3BDA25EAAD9C00457AE0 /* lancerhacksUITests */,
				63FC3BB725EAAD9900457AE0 /* Products */,
			);
			sourceTree = "<group>";
		};
		63FC3BB725EAAD9900457AE0 /* Products */ = {
			isa = PBXGroup;
			children = (
				63FC3BB625EAAD9900457AE0 /* lancerhacks.app */,
				63FC3BCC25EAAD9C00457AE0 /* lancerhacksTests.xctest */,
				63FC3BD725EAAD9C00457AE0 /* lancerhacksUITests.xctest */,
			);
			name = Products;
			sourceTree = "<group>";
		};
		63FC3BB825EAAD9900457AE0 /* lancerhacks */ = {
			isa = PBXGroup;
			children = (
				63FC3BB925EAAD9900457AE0 /* AppDelegate.swift */,
				63FC3BBB25EAAD9900457AE0 /* SceneDelegate.swift */,
				63FC3BBD25EAAD9900457AE0 /* ViewController.swift */,
				63FC3BBF25EAAD9900457AE0 /* Main.storyboard */,
				63FC3BC225EAAD9C00457AE0 /* Assets.xcassets */,
				63FC3BC425EAAD9C00457AE0 /* LaunchScreen.storyboard */,
				63FC3BC725EAAD9C00457AE0 /* Info.plist */,
			);
			path = lancerhacks;
			sourceTree = "<group>";
		};
		63FC3BCF25EAAD9C00457AE0 /* lancerhacksTests */ = {
			isa = PBXGroup;
			children = (
				63FC3BD025EAAD9C00457AE0 /* lancerhacksTests.swift */,
				63FC3BD225EAAD9C00457AE0 /* Info.plist */,
			);
			path = lancerhacksTests;
			sourceTree = "<group>";
		};
		63FC3BDA25EAAD9C00457AE0 /* lancerhacksUITests */ = {
			isa = PBXGroup;
			children = (
				63FC3BDB25EAAD9C00457AE0 /* lancerhacksUITests.swift */,
				63FC3BDD25EAAD9C00457AE0 /* Info.plist */,
			);
			path = lancerhacksUITests;
			sourceTree = "<group>";
		};
/* End PBXGroup section */

/* Begin PBXNativeTarget section */
		63FC3BB525EAAD9900457AE0 /* lancerhacks */ = {
			isa = PBXNativeTarget;
			buildConfigurationList = 63FC3BE025EAAD9C00457AE0 /* Build configuration list for PBXNativeTarget "lancerhacks" */;
			buildPhases = (
				63FC3BB225EAAD9900457AE0 /* Sources */,
				63FC3BB325EAAD9900457AE0 /* Frameworks */,
				63FC3BB425EAAD9900457AE0 /* Resources */,
			);
			buildRules = (
			);
			dependencies = (
			);
			name = lancerhacks;
			productName = lancerhacks;
			productReference = 63FC3BB625EAAD9900457AE0 /* lancerhacks.app */;
			productType = "com.apple.product-type.application";
		};
		63FC3BCB25EAAD9C00457AE0 /* lancerhacksTests */ = {
			isa = PBXNativeTarget;
			buildConfigurationList = 63FC3BE325EAAD9C00457AE0 /* Build configuration list for PBXNativeTarget "lancerhacksTests" */;
			buildPhases = (
				63FC3BC825EAAD9C00457AE0 /* Sources */,
				63FC3BC925EAAD9C00457AE0 /* Frameworks */,
				63FC3BCA25EAAD9C00457AE0 /* Resources */,
			);
			buildRules = (
			);
			dependencies = (
				63FC3BCE25EAAD9C00457AE0 /* PBXTargetDependency */,
			);
			name = lancerhacksTests;
			productName = lancerhacksTests;
			productReference = 63FC3BCC25EAAD9C00457AE0 /* lancerhacksTests.xctest */;
			productType = "com.apple.product-type.bundle.unit-test";
		};
		63FC3BD625EAAD9C00457AE0 /* lancerhacksUITests */ = {
			isa = PBXNativeTarget;
			buildConfigurationList = 63FC3BE625EAAD9C00457AE0 /* Build configuration list for PBXNativeTarget "lancerhacksUITests" */;
			buildPhases = (
				63FC3BD325EAAD9C00457AE0 /* Sources */,
				63FC3BD425EAAD9C00457AE0 /* Frameworks */,
				63FC3BD525EAAD9C00457AE0 /* Resources */,
			);
			buildRules = (
			);
			dependencies = (
				63FC3BD925EAAD9C00457AE0 /* PBXTargetDependency */,
			);
			name = lancerhacksUITests;
			productName = lancerhacksUITests;
			productReference = 63FC3BD725EAAD9C00457AE0 /* lancerhacksUITests.xctest */;
			productType = "com.apple.product-type.bundle.ui-testing";
		};
/* End PBXNativeTarget section */

/* Begin PBXProject section */
		63FC3BAE25EAAD9900457AE0 /* Project object */ = {
			isa = PBXProject;
			attributes = {
				LastSwiftUpdateCheck = 1240;
				LastUpgradeCheck = 1240;
				TargetAttributes = {
					63FC3BB525EAAD9900457AE0 = {
						CreatedOnToolsVersion = 12.4;
					};
					63FC3BCB25EAAD9C00457AE0 = {
						CreatedOnToolsVersion = 12.4;
						TestTargetID = 63FC3BB525EAAD9900457AE0;
					};
					63FC3BD625EAAD9C00457AE0 = {
						CreatedOnToolsVersion = 12.4;
						TestTargetID = 63FC3BB525EAAD9900457AE0;
					};
				};
			};
			buildConfigurationList = 63FC3BB125EAAD9900457AE0 /* Build configuration list for PBXProject "lancerhacks" */;
			compatibilityVersion = "Xcode 9.3";
			developmentRegion = en;
			hasScannedForEncodings = 0;
			knownRegions = (
				en,
				Base,
			);
			mainGroup = 63FC3BAD25EAAD9900457AE0;
			productRefGroup = 63FC3BB725EAAD9900457AE0 /* Products */;
			projectDirPath = "";
			projectRoot = "";
			targets = (
				63FC3BB525EAAD9900457AE0 /* lancerhacks */,
				63FC3BCB25EAAD9C00457AE0 /* lancerhacksTests */,
				63FC3BD625EAAD9C00457AE0 /* lancerhacksUITests */,
			);
		};
/* End PBXProject section */

/* Begin PBXResourcesBuildPhase section */
		63FC3BB425EAAD9900457AE0 /* Resources */ = {
			isa = PBXResourcesBuildPhase;
			buildActionMask = 2147483647;
			files = (
				63FC3BC625EAAD9C00457AE0 /* LaunchScreen.storyboard in Resources */,
				63FC3BC325EAAD9C00457AE0 /* Assets.xcassets in Resources */,
				63FC3BC125EAAD9900457AE0 /* Main.storyboard in Resources */,
			);
			runOnlyForDeploymentPostprocessing = 0;
		};
		63FC3BCA25EAAD9C00457AE0 /* Resources */ = {
			isa = PBXResourcesBuildPhase;
			buildActionMask = 2147483647;
			files = (
			);
			runOnlyForDeploymentPostprocessing = 0;
		};
		63FC3BD525EAAD9C00457AE0 /* Resources */ = {
			isa = PBXResourcesBuildPhase;
			buildActionMask = 2147483647;
			files = (
			);
			runOnlyForDeploymentPostprocessing = 0;
		};
/* End PBXResourcesBuildPhase section */

/* Begin PBXSourcesBuildPhase section */
		63FC3BB225EAAD9900457AE0 /* Sources */ = {
			isa = PBXSourcesBuildPhase;
			buildActionMask = 2147483647;
			files = (
				63FC3BBE25EAAD9900457AE0 /* ViewController.swift in Sources */,
				63FC3BBA25EAAD9900457AE0 /* AppDelegate.swift in Sources */,
				63FC3BBC25EAAD9900457AE0 /* SceneDelegate.swift in Sources */,
			);
			runOnlyForDeploymentPostprocessing = 0;
		};
		63FC3BC825EAAD9C00457AE0 /* Sources */ = {
			isa = PBXSourcesBuildPhase;
			buildActionMask = 2147483647;
			files = (
				63FC3BD125EAAD9C00457AE0 /* lancerhacksTests.swift in Sources */,
			);
			runOnlyForDeploymentPostprocessing = 0;
		};
		63FC3BD325EAAD9C00457AE0 /* Sources */ = {
			isa = PBXSourcesBuildPhase;
			buildActionMask = 2147483647;
			files = (
				63FC3BDC25EAAD9C00457AE0 /* lancerhacksUITests.swift in Sources */,
			);
			runOnlyForDeploymentPostprocessing = 0;
		};
/* End PBXSourcesBuildPhase section */

/* Begin PBXTargetDependency section */
		63FC3BCE25EAAD9C00457AE0 /* PBXTargetDependency */ = {
			isa = PBXTargetDependency;
			target = 63FC3BB525EAAD9900457AE0 /* lancerhacks */;
			targetProxy = 63FC3BCD25EAAD9C00457AE0 /* PBXContainerItemProxy */;
		};
		63FC3BD925EAAD9C00457AE0 /* PBXTargetDependency */ = {
			isa = PBXTargetDependency;
			target = 63FC3BB525EAAD9900457AE0 /* lancerhacks */;
			targetProxy = 63FC3BD825EAAD9C00457AE0 /* PBXContainerItemProxy */;
		};
/* End PBXTargetDependency section */

/* Begin PBXVariantGroup section */
		63FC3BBF25EAAD9900457AE0 /* Main.storyboard */ = {
			isa = PBXVariantGroup;
			children = (
				63FC3BC025EAAD9900457AE0 /* Base */,
			);
			name = Main.storyboard;
			sourceTree = "<group>";
		};
		63FC3BC425EAAD9C00457AE0 /* LaunchScreen.storyboard */ = {
			isa = PBXVariantGroup;
			children = (
				63FC3BC525EAAD9C00457AE0 /* Base */,
			);
			name = LaunchScreen.storyboard;
			sourceTree = "<group>";
		};
/* End PBXVariantGroup section */

/* Begin XCBuildConfiguration section */
		63FC3BDE25EAAD9C00457AE0 /* Debug */ = {
			isa = XCBuildConfiguration;
			buildSettings = {
				ALWAYS_SEARCH_USER_PATHS = NO;
				CLANG_ANALYZER_NONNULL = YES;
				CLANG_ANALYZER_NUMBER_OBJECT_CONVERSION = YES_AGGRESSIVE;
				CLANG_CXX_LANGUAGE_STANDARD = "gnu++14";
				CLANG_CXX_LIBRARY = "libc++";
				CLANG_ENABLE_MODULES = YES;
				CLANG_ENABLE_OBJC_ARC = YES;
				CLANG_ENABLE_OBJC_WEAK = YES;
				CLANG_WARN_BLOCK_CAPTURE_AUTORELEASING = YES;
				CLANG_WARN_BOOL_CONVERSION = YES;
				CLANG_WARN_COMMA = YES;
				CLANG_WARN_CONSTANT_CONVERSION = YES;
				CLANG_WARN_DEPRECATED_OBJC_IMPLEMENTATIONS = YES;
				CLANG_WARN_DIRECT_OBJC_ISA_USAGE = YES_ERROR;
				CLANG_WARN_DOCUMENTATION_COMMENTS = YES;
				CLANG_WARN_EMPTY_BODY = YES;
				CLANG_WARN_ENUM_CONVERSION = YES;
				CLANG_WARN_INFINITE_RECURSION = YES;
				CLANG_WARN_INT_CONVERSION = YES;
				CLANG_WARN_NON_LITERAL_NULL_CONVERSION = YES;
				CLANG_WARN_OBJC_IMPLICIT_RETAIN_SELF = YES;
				CLANG_WARN_OBJC_LITERAL_CONVERSION = YES;
				CLANG_WARN_OBJC_ROOT_CLASS = YES_ERROR;
				CLANG_WARN_QUOTED_INCLUDE_IN_FRAMEWORK_HEADER = YES;
				CLANG_WARN_RANGE_LOOP_ANALYSIS = YES;
				CLANG_WARN_STRICT_PROTOTYPES = YES;
				CLANG_WARN_SUSPICIOUS_MOVE = YES;
				CLANG_WARN_UNGUARDED_AVAILABILITY = YES_AGGRESSIVE;
				CLANG_WARN_UNREACHABLE_CODE = YES;
				CLANG_WARN__DUPLICATE_METHOD_MATCH = YES;
				COPY_PHASE_STRIP = NO;
				DEBUG_INFORMATION_FORMAT = dwarf;
				ENABLE_STRICT_OBJC_MSGSEND = YES;
				ENABLE_TESTABILITY = YES;
				GCC_C_LANGUAGE_STANDARD = gnu11;
				GCC_DYNAMIC_NO_PIC = NO;
				GCC_NO_COMMON_BLOCKS = YES;
				GCC_OPTIMIZATION_LEVEL = 0;
				GCC_PREPROCESSOR_DEFINITIONS = (
					"DEBUG=1",
					"$(inherited)",
				);
				GCC_WARN_64_TO_32_BIT_CONVERSION = YES;
				GCC_WARN_ABOUT_RETURN_TYPE = YES_ERROR;
				GCC_WARN_UNDECLARED_SELECTOR = YES;
				GCC_WARN_UNINITIALIZED_AUTOS = YES_AGGRESSIVE;
				GCC_WARN_UNUSED_FUNCTION = YES;
				GCC_WARN_UNUSED_VARIABLE = YES;
				IPHONEOS_DEPLOYMENT_TARGET = 14.4;
				MTL_ENABLE_DEBUG_INFO = INCLUDE_SOURCE;
				MTL_FAST_MATH = YES;
				ONLY_ACTIVE_ARCH = YES;
				SDKROOT = iphoneos;
				SWIFT_ACTIVE_COMPILATION_CONDITIONS = DEBUG;
				SWIFT_OPTIMIZATION_LEVEL = "-Onone";
			};
			name = Debug;
		};
		63FC3BDF25EAAD9C00457AE0 /* Release */ = {
			isa = XCBuildConfiguration;
			buildSettings = {
				ALWAYS_SEARCH_USER_PATHS = NO;
				CLANG_ANALYZER_NONNULL = YES;
				CLANG_ANALYZER_NUMBER_OBJECT_CONVERSION = YES_AGGRESSIVE;
				CLANG_CXX_LANGUAGE_STANDARD = "gnu++14";
				CLANG_CXX_LIBRARY = "libc++";
				CLANG_ENABLE_MODULES = YES;
				CLANG_ENABLE_OBJC_ARC = YES;
				CLANG_ENABLE_OBJC_WEAK = YES;
				CLANG_WARN_BLOCK_CAPTURE_AUTORELEASING = YES;
				CLANG_WARN_BOOL_CONVERSION = YES;
				CLANG_WARN_COMMA = YES;
				CLANG_WARN_CONSTANT_CONVERSION = YES;
				CLANG_WARN_DEPRECATED_OBJC_IMPLEMENTATIONS = YES;
				CLANG_WARN_DIRECT_OBJC_ISA_USAGE = YES_ERROR;
				CLANG_WARN_DOCUMENTATION_COMMENTS = YES;
				CLANG_WARN_EMPTY_BODY = YES;
				CLANG_WARN_ENUM_CONVERSION = YES;
				CLANG_WARN_INFINITE_RECURSION = YES;
				CLANG_WARN_INT_CONVERSION = YES;
				CLANG_WARN_NON_LITERAL_NULL_CONVERSION = YES;
				CLANG_WARN_OBJC_IMPLICIT_RETAIN_SELF = YES;
				CLANG_WARN_OBJC_LITERAL_CONVERSION = YES;
				CLANG_WARN_OBJC_ROOT_CLASS = YES_ERROR;
				CLANG_WARN_QUOTED_INCLUDE_IN_FRAMEWORK_HEADER = YES;
				CLANG_WARN_RANGE_LOOP_ANALYSIS = YES;
				CLANG_WARN_STRICT_PROTOTYPES = YES;
				CLANG_WARN_SUSPICIOUS_MOVE = YES;
				CLANG_WARN_UNGUARDED_AVAILABILITY = YES_AGGRESSIVE;
				CLANG_WARN_UNREACHABLE_CODE = YES;
				CLANG_WARN__DUPLICATE_METHOD_MATCH = YES;
				COPY_PHASE_STRIP = NO;
				DEBUG_INFORMATION_FORMAT = "dwarf-with-dsym";
				ENABLE_NS_ASSERTIONS = NO;
				ENABLE_STRICT_OBJC_MSGSEND = YES;
				GCC_C_LANGUAGE_STANDARD = gnu11;
				GCC_NO_COMMON_BLOCKS = YES;
				GCC_WARN_64_TO_32_BIT_CONVERSION = YES;
				GCC_WARN_ABOUT_RETURN_TYPE = YES_ERROR;
				GCC_WARN_UNDECLARED_SELECTOR = YES;
				GCC_WARN_UNINITIALIZED_AUTOS = YES_AGGRESSIVE;
				GCC_WARN_UNUSED_FUNCTION = YES;
				GCC_WARN_UNUSED_VARIABLE = YES;
				IPHONEOS_DEPLOYMENT_TARGET = 14.4;
				MTL_ENABLE_DEBUG_INFO = NO;
				MTL_FAST_MATH = YES;
				SDKROOT = iphoneos;
				SWIFT_COMPILATION_MODE = wholemodule;
				SWIFT_OPTIMIZATION_LEVEL = "-O";
				VALIDATE_PRODUCT = YES;
			};
			name = Release;
		};
		63FC3BE125EAAD9C00457AE0 /* Debug */ = {
			isa = XCBuildConfiguration;
			buildSettings = {
				ASSETCATALOG_COMPILER_APPICON_NAME = AppIcon;
				ASSETCATALOG_COMPILER_GLOBAL_ACCENT_COLOR_NAME = AccentColor;
				CODE_SIGN_STYLE = Automatic;
				DEVELOPMENT_TEAM = VQD7Y7A7US;
				INFOPLIST_FILE = lancerhacks/Info.plist;
				LD_RUNPATH_SEARCH_PATHS = (
					"$(inherited)",
					"@executable_path/Frameworks",
				);
				PRODUCT_BUNDLE_IDENTIFIER = yay.lancerhacks;
				PRODUCT_NAME = "$(TARGET_NAME)";
				SWIFT_VERSION = 5.0;
				TARGETED_DEVICE_FAMILY = "1,2";
			};
			name = Debug;
		};
		63FC3BE225EAAD9C00457AE0 /* Release */ = {
			isa = XCBuildConfiguration;
			buildSettings = {
				ASSETCATALOG_COMPILER_APPICON_NAME = AppIcon;
				ASSETCATALOG_COMPILER_GLOBAL_ACCENT_COLOR_NAME = AccentColor;
				CODE_SIGN_STYLE = Automatic;
				DEVELOPMENT_TEAM = VQD7Y7A7US;
				INFOPLIST_FILE = lancerhacks/Info.plist;
				LD_RUNPATH_SEARCH_PATHS = (
					"$(inherited)",
					"@executable_path/Frameworks",
				);
				PRODUCT_BUNDLE_IDENTIFIER = yay.lancerhacks;
				PRODUCT_NAME = "$(TARGET_NAME)";
				SWIFT_VERSION = 5.0;
				TARGETED_DEVICE_FAMILY = "1,2";
			};
			name = Release;
		};
		63FC3BE425EAAD9C00457AE0 /* Debug */ = {
			isa = XCBuildConfiguration;
			buildSettings = {
				ALWAYS_EMBED_SWIFT_STANDARD_LIBRARIES = YES;
				BUNDLE_LOADER = "$(TEST_HOST)";
				CODE_SIGN_STYLE = Automatic;
				DEVELOPMENT_TEAM = VQD7Y7A7US;
				INFOPLIST_FILE = lancerhacksTests/Info.plist;
				IPHONEOS_DEPLOYMENT_TARGET = 14.4;
				LD_RUNPATH_SEARCH_PATHS = (
					"$(inherited)",
					"@executable_path/Frameworks",
					"@loader_path/Frameworks",
				);
				PRODUCT_BUNDLE_IDENTIFIER = yay.lancerhacksTests;
				PRODUCT_NAME = "$(TARGET_NAME)";
				SWIFT_VERSION = 5.0;
				TARGETED_DEVICE_FAMILY = "1,2";
				TEST_HOST = "$(BUILT_PRODUCTS_DIR)/lancerhacks.app/lancerhacks";
			};
			name = Debug;
		};
		63FC3BE525EAAD9C00457AE0 /* Release */ = {
			isa = XCBuildConfiguration;
			buildSettings = {
				ALWAYS_EMBED_SWIFT_STANDARD_LIBRARIES = YES;
				BUNDLE_LOADER = "$(TEST_HOST)";
				CODE_SIGN_STYLE = Automatic;
				DEVELOPMENT_TEAM = VQD7Y7A7US;
				INFOPLIST_FILE = lancerhacksTests/Info.plist;
				IPHONEOS_DEPLOYMENT_TARGET = 14.4;
				LD_RUNPATH_SEARCH_PATHS = (
					"$(inherited)",
					"@executable_path/Frameworks",
					"@loader_path/Frameworks",
				);
				PRODUCT_BUNDLE_IDENTIFIER = yay.lancerhacksTests;
				PRODUCT_NAME = "$(TARGET_NAME)";
				SWIFT_VERSION = 5.0;
				TARGETED_DEVICE_FAMILY = "1,2";
				TEST_HOST = "$(BUILT_PRODUCTS_DIR)/lancerhacks.app/lancerhacks";
			};
			name = Release;
		};
		63FC3BE725EAAD9C00457AE0 /* Debug */ = {
			isa = XCBuildConfiguration;
			buildSettings = {
				ALWAYS_EMBED_SWIFT_STANDARD_LIBRARIES = YES;
				CODE_SIGN_STYLE = Automatic;
				DEVELOPMENT_TEAM = VQD7Y7A7US;
				INFOPLIST_FILE = lancerhacksUITests/Info.plist;
				LD_RUNPATH_SEARCH_PATHS = (
					"$(inherited)",
					"@executable_path/Frameworks",
					"@loader_path/Frameworks",
				);
				PRODUCT_BUNDLE_IDENTIFIER = yay.lancerhacksUITests;
				PRODUCT_NAME = "$(TARGET_NAME)";
				SWIFT_VERSION = 5.0;
				TARGETED_DEVICE_FAMILY = "1,2";
				TEST_TARGET_NAME = lancerhacks;
			};
			name = Debug;
		};
		63FC3BE825EAAD9C00457AE0 /* Release */ = {
			isa = XCBuildConfiguration;
			buildSettings = {
				ALWAYS_EMBED_SWIFT_STANDARD_LIBRARIES = YES;
				CODE_SIGN_STYLE = Automatic;
				DEVELOPMENT_TEAM = VQD7Y7A7US;
				INFOPLIST_FILE = lancerhacksUITests/Info.plist;
				LD_RUNPATH_SEARCH_PATHS = (
					"$(inherited)",
					"@executable_path/Frameworks",
					"@loader_path/Frameworks",
				);
				PRODUCT_BUNDLE_IDENTIFIER = yay.lancerhacksUITests;
				PRODUCT_NAME = "$(TARGET_NAME)";
				SWIFT_VERSION = 5.0;
				TARGETED_DEVICE_FAMILY = "1,2";
				TEST_TARGET_NAME = lancerhacks;
			};
			name = Release;
		};
/* End XCBuildConfiguration section */

/* Begin XCConfigurationList section */
		63FC3BB125EAAD9900457AE0 /* Build configuration list for PBXProject "lancerhacks" */ = {
			isa = XCConfigurationList;
			buildConfigurations = (
				63FC3BDE25EAAD9C00457AE0 /* Debug */,
				63FC3BDF25EAAD9C00457AE0 /* Release */,
			);
			defaultConfigurationIsVisible = 0;
			defaultConfigurationName = Release;
		};
		63FC3BE025EAAD9C00457AE0 /* Build configuration list for PBXNativeTarget "lancerhacks" */ = {
			isa = XCConfigurationList;
			buildConfigurations = (
				63FC3BE125EAAD9C00457AE0 /* Debug */,
				63FC3BE225EAAD9C00457AE0 /* Release */,
			);
			defaultConfigurationIsVisible = 0;
			defaultConfigurationName = Release;
		};
		63FC3BE325EAAD9C00457AE0 /* Build configuration list for PBXNativeTarget "lancerhacksTests" */ = {
			isa = XCConfigurationList;
			buildConfigurations = (
				63FC3BE425EAAD9C00457AE0 /* Debug */,
				63FC3BE525EAAD9C00457AE0 /* Release */,
			);
			defaultConfigurationIsVisible = 0;
			defaultConfigurationName = Release;
		};
		63FC3BE625EAAD9C00457AE0 /* Build configuration list for PBXNativeTarget "lancerhacksUITests" */ = {
			isa = XCConfigurationList;
			buildConfigurations = (
				63FC3BE725EAAD9C00457AE0 /* Debug */,
				63FC3BE825EAAD9C00457AE0 /* Release */,
			);
			defaultConfigurationIsVisible = 0;
			defaultConfigurationName = Release;
		};
/* End XCConfigurationList section */
	};
	rootObject = 63FC3BAE25EAAD9900457AE0 /* Project object */;
}
